
Microsoft Visual Studio Solution File, Format Version 12.00
# Visual Studio 14
VisualStudioVersion = 14.0.23107.0
MinimumVisualStudioVersion = 10.0.40219.1
Project("{FAE04EC0-301F-11D3-BF4B-00C04F79EFBC}") = "BigMoney", "BigMoney\BigMoney.csproj", "{5D64F66F-9B96-4024-8EFB-3C7867FD82C3}"
EndProject
Project("{FAE04EC0-301F-11D3-BF4B-00C04F79EFBC}") = "SamoGym", "SamoGym\SamoGym.csproj", "{9E8FC29B-A815-41FC-BB0E-0958367A2B08}"
EndProject
Project("{FAE04EC0-301F-11D3-BF4B-00C04F79EFBC}") = "Vukovarska", "Vukovarska\Vukovarska.csproj", "{9894703A-02C1-452A-9801-7A438444B46E}"
EndProject
Project("{FAE04EC0-301F-11D3-BF4B-00C04F79EFBC}") = "Cedevita", "Cedevita\Cedevita.csproj", "{1E53AC6A-1035-484B-88A6-473B7F3A935F}"
EndProject
Project("{FAE04EC0-301F-11D3-BF4B-00C04F79EFBC}") = "TheVoice", "TheVoice\TheVoice.csproj", "{024FBF07-8D93-4C80-8B1F-3CDED73AF6CF}"
EndProject
Project("{FAE04EC0-301F-11D3-BF4B-00C04F79EFBC}") = "Odgovaranje", "Odgovaranje\Odgovaranje.csproj", "{CD3482CD-FC06-4E79-9C53-F8BFA8B87179}"
EndProject
Project("{FAE04EC0-301F-11D3-BF4B-00C04F79EFBC}") = "Avion", "Avion\Avion.csproj", "{0BB76D27-AC3C-4533-A487-884936132FCF}"
EndProject
Project("{FAE04EC0-301F-11D3-BF4B-00C04F79EFBC}") = "Pec!", "Pec!\Pec!.csproj", "{3FB1E830-FE9F-4B90-9932-B7C3B5EE96BD}"
EndProject
Global
	GlobalSection(SolutionConfigurationPlatforms) = preSolution
		Debug|Any CPU = Debug|Any CPU
		Release|Any CPU = Release|Any CPU
	EndGlobalSection
	GlobalSection(ProjectConfigurationPlatforms) = postSolution
		{5D64F66F-9B96-4024-8EFB-3C7867FD82C3}.Debug|Any CPU.ActiveCfg = Debug|Any CPU
		{5D64F66F-9B96-4024-8EFB-3C7867FD82C3}.Debug|Any CPU.Build.0 = Debug|Any CPU
		{5D64F66F-9B96-4024-8EFB-3C7867FD82C3}.Release|Any CPU.ActiveCfg = Release|Any CPU
		{5D64F66F-9B96-4024-8EFB-3C7867FD82C3}.Release|Any CPU.Build.0 = Release|Any CPU
		{9E8FC29B-A815-41FC-BB0E-0958367A2B08}.Debug|Any CPU.ActiveCfg = Debug|Any CPU
		{9E8FC29B-A815-41FC-BB0E-0958367A2B08}.Debug|Any CPU.Build.0 = Debug|Any CPU
		{9E8FC29B-A815-41FC-BB0E-0958367A2B08}.Release|Any CPU.ActiveCfg = Release|Any CPU
		{9E8FC29B-A815-41FC-BB0E-0958367A2B08}.Release|Any CPU.Build.0 = Release|Any CPU
		{9894703A-02C1-452A-9801-7A438444B46E}.Debug|Any CPU.ActiveCfg = Debug|Any CPU
		{9894703A-02C1-452A-9801-7A438444B46E}.Debug|Any CPU.Build.0 = Debug|Any CPU
		{9894703A-02C1-452A-9801-7A438444B46E}.Release|Any CPU.ActiveCfg = Release|Any CPU
		{9894703A-02C1-452A-9801-7A438444B46E}.Release|Any CPU.Build.0 = Release|Any CPU
		{1E53AC6A-1035-484B-88A6-473B7F3A935F}.Debug|Any CPU.ActiveCfg = Debug|Any CPU
		{1E53AC6A-1035-484B-88A6-473B7F3A935F}.Debug|Any CPU.Build.0 = Debug|Any CPU
		{1E53AC6A-1035-484B-88A6-473B7F3A935F}.Release|Any CPU.ActiveCfg = Release|Any CPU
		{1E53AC6A-1035-484B-88A6-473B7F3A935F}.Release|Any CPU.Build.0 = Release|Any CPU
		{024FBF07-8D93-4C80-8B1F-3CDED73AF6CF}.Debug|Any CPU.ActiveCfg = Debug|Any CPU
		{024FBF07-8D93-4C80-8B1F-3CDED73AF6CF}.Debug|Any CPU.Build.0 = Debug|Any CPU
		{024FBF07-8D93-4C80-8B1F-3CDED73AF6CF}.Release|Any CPU.ActiveCfg = Release|Any CPU
		{024FBF07-8D93-4C80-8B1F-3CDED73AF6CF}.Release|Any CPU.Build.0 = Release|Any CPU
		{CD3482CD-FC06-4E79-9C53-F8BFA8B87179}.Debug|Any CPU.ActiveCfg = Debug|Any CPU
		{CD3482CD-FC06-4E79-9C53-F8BFA8B87179}.Debug|Any CPU.Build.0 = Debug|Any CPU
		{CD3482CD-FC06-4E79-9C53-F8BFA8B87179}.Release|Any CPU.ActiveCfg = Release|Any CPU
		{CD3482CD-FC06-4E79-9C53-F8BFA8B87179}.Release|Any CPU.Build.0 = Release|Any CPU
		{0BB76D27-AC3C-4533-A487-884936132FCF}.Debug|Any CPU.ActiveCfg = Debug|Any CPU
		{0BB76D27-AC3C-4533-A487-884936132FCF}.Debug|Any CPU.Build.0 = Debug|Any CPU
		{0BB76D27-AC3C-4533-A487-884936132FCF}.Release|Any CPU.ActiveCfg = Release|Any CPU
		{0BB76D27-AC3C-4533-A487-884936132FCF}.Release|Any CPU.Build.0 = Release|Any CPU
		{3FB1E830-FE9F-4B90-9932-B7C3B5EE96BD}.Debug|Any CPU.ActiveCfg = Debug|Any CPU
		{3FB1E830-FE9F-4B90-9932-B7C3B5EE96BD}.Debug|Any CPU.Build.0 = Debug|Any CPU
		{3FB1E830-FE9F-4B90-9932-B7C3B5EE96BD}.Release|Any CPU.ActiveCfg = Release|Any CPU
		{3FB1E830-FE9F-4B90-9932-B7C3B5EE96BD}.Release|Any CPU.Build.0 = Release|Any CPU
	EndGlobalSection
	GlobalSection(SolutionProperties) = preSolution
		HideSolutionNode = FALSE
	EndGlobalSection
EndGlobal
